
Microsoft Visual Studio Solution File, Format Version 12.00
# Visual Studio Version 17
VisualStudioVersion = 17.9.34607.119
MinimumVisualStudioVersion = 10.0.40219.1
Project("{FAE04EC0-301F-11D3-BF4B-00C04F79EFBC}") = "MagicTrick_Tirana", "MagicTrick_Tirana.csproj", "{9DAC4539-F197-492D-A9CB-7E35787EA41A}"
EndProject
Global
	GlobalSection(SolutionConfigurationPlatforms) = preSolution
		Debug|Any CPU = Debug|Any CPU
		Release|Any CPU = Release|Any CPU
	EndGlobalSection
	GlobalSection(ProjectConfigurationPlatforms) = postSolution
		{9DAC4539-F197-492D-A9CB-7E35787EA41A}.Debug|Any CPU.ActiveCfg = Debug|Any CPU
		{9DAC4539-F197-492D-A9CB-7E35787EA41A}.Debug|Any CPU.Build.0 = Debug|Any CPU
		{9DAC4539-F197-492D-A9CB-7E35787EA41A}.Release|Any CPU.ActiveCfg = Release|Any CPU
		{9DAC4539-F197-492D-A9CB-7E35787EA41A}.Release|Any CPU.Build.0 = Release|Any CPU
	EndGlobalSection
	GlobalSection(SolutionProperties) = preSolution
		HideSolutionNode = FALSE
	EndGlobalSection
	GlobalSection(ExtensibilityGlobals) = postSolution
		SolutionGuid = {062D3619-520F-4979-8740-0A2C73AAAD62}
	EndGlobalSection
EndGlobal
